<?xml version="1.0" encoding="utf-8"?>
<Project ToolsVersion="4.0" xmlns="http://schemas.microsoft.com/developer/msbuild/2003">
  <ItemGroup>
    <Filter Include="Source Files">
      <UniqueIdentifier>{4FC737F1-C7A5-4376-A066-2A32D752A2FF}</UniqueIdentifier>
      <Extensions>cpp;c;cc;cxx;c++;cppm;ixx;def;odl;idl;hpj;bat;asm;asmx</Extensions>
    </Filter>
    <Filter Include="Header Files">
      <UniqueIdentifier>{93995380-89BD-4b04-88EB-625FBE52EBFB}</UniqueIdentifier>
      <Extensions>h;hh;hpp;hxx;h++;hm;inl;inc;ipp;xsd</Extensions>
    </Filter>
    <Filter Include="Resource Files">
      <UniqueIdentifier>{67DA6AB6-F800-4c08-8B7A-83BB121AAD01}</UniqueIdentifier>
      <Extensions>rc;ico;cur;bmp;dlg;rc2;rct;bin;rgs;gif;jpg;jpeg;jpe;resx;tiff;tif;png;wav;mfcribbon-ms</Extensions>
    </Filter>
    <Filter Include="Header Files\Drawing">
      <UniqueIdentifier>{3a4a391a-ae50-4b67-b078-45d5844bf889}</UniqueIdentifier>
    </Filter>
    <Filter Include="Header Files\Hooking">
      <UniqueIdentifier>{4445400d-1487-40f8-9854-eb8d126c4f67}</UniqueIdentifier>
    </Filter>
    <Filter Include="Source Files\DirectX">
      <UniqueIdentifier>{d6f525fb-5951-4c09-8e6f-5f69a9f2078b}</UniqueIdentifier>
    </Filter>
    <Filter Include="Source Files\Hooking">
      <UniqueIdentifier>{d1606a0a-1756-4431-9702-bf6667d7ddbd}</UniqueIdentifier>
    </Filter>
    <Filter Include="Source Files\Drawing">
      <UniqueIdentifier>{12822d18-b422-4f04-884a-139cb9688186}</UniqueIdentifier>
    </Filter>
    <Filter Include="Header Files\DirectX">
      <UniqueIdentifier>{7685efc6-96ac-44c3-8b53-397bd49e401e}</UniqueIdentifier>
    </Filter>
    <Filter Include="Header Files\Menu">
      <UniqueIdentifier>{41228de8-a9cb-406e-83ca-063335f41fb9}</UniqueIdentifier>
    </Filter>
    <Filter Include="Header Files\Classes">
      <UniqueIdentifier>{4db36494-3131-4c79-9980-252a0b59ea01}</UniqueIdentifier>
    </Filter>
    <Filter Include="Source Files\Classes">
      <UniqueIdentifier>{2d4c00f6-4d08-4fb2-9e8b-753ff9ff9547}</UniqueIdentifier>
    </Filter>
    <Filter Include="Header Files\Modules">
      <UniqueIdentifier>{6e3318b7-7675-4774-bc3b-5eabe1a6205c}</UniqueIdentifier>
    </Filter>
    <Filter Include="Header Files\Structs">
      <UniqueIdentifier>{4694dff1-d670-4fa5-a9bd-368dee8b5196}</UniqueIdentifier>
    </Filter>
  </ItemGroup>
  <ItemGroup>
    <ClCompile Include="dllmain.cpp">
      <Filter>Source Files</Filter>
    </ClCompile>
    <ClCompile Include="DirectX.cpp">
      <Filter>Source Files\DirectX</Filter>
    </ClCompile>
    <ClCompile Include="Hook.cpp">
      <Filter>Source Files\Hooking</Filter>
    </ClCompile>
    <ClCompile Include="Drawing.cpp">
      <Filter>Source Files\Drawing</Filter>
    </ClCompile>
    <ClCompile Include="imgui\imgui.cpp">
      <Filter>Header Files\Menu</Filter>
    </ClCompile>
    <ClCompile Include="imgui\imgui_demo.cpp">
      <Filter>Header Files\Menu</Filter>
    </ClCompile>
    <ClCompile Include="imgui\imgui_draw.cpp">
      <Filter>Header Files\Menu</Filter>
    </ClCompile>
    <ClCompile Include="imgui\imgui_impl_dx9.cpp">
      <Filter>Header Files\Menu</Filter>
    </ClCompile>
    <ClCompile Include="imgui\imgui_impl_win32.cpp">
      <Filter>Header Files\Menu</Filter>
    </ClCompile>
    <ClCompile Include="imgui\imgui_widgets.cpp">
      <Filter>Header Files\Menu</Filter>
    </ClCompile>
    <ClCompile Include="Localplayer.cpp">
      <Filter>Source Files\Classes</Filter>
    </ClCompile>
    <ClCompile Include="Engine.cpp">
      <Filter>Source Files\Classes</Filter>
    </ClCompile>
    <ClCompile Include="Offsets.h">
      <Filter>Header Files</Filter>
    </ClCompile>
    <ClCompile Include="Bhop.cpp">
      <Filter>Header Files\Modules</Filter>
    </ClCompile>
    <ClCompile Include="Triggerbot.cpp">
      <Filter>Header Files\Modules</Filter>
    </ClCompile>
    <ClCompile Include="Entity.cpp">
      <Filter>Source Files\Classes</Filter>
    </ClCompile>
    <ClCompile Include="FOV.cpp">
      <Filter>Header Files\Modules</Filter>
    </ClCompile>
    <ClCompile Include="ThirdPerson.cpp">
      <Filter>Header Files\Modules</Filter>
    </ClCompile>
    <ClCompile Include="WorldToScreen.cpp">
      <Filter>Header Files\Structs</Filter>
    </ClCompile>
    <ClCompile Include="GlowThread.cpp">
      <Filter>Header Files\Modules</Filter>
    </ClCompile>
  </ItemGroup>
  <ItemGroup>
    <ClInclude Include="include.h">
      <Filter>Header Files</Filter>
    </ClInclude>
    <ClInclude Include="DirectX.h">
      <Filter>Header Files\DirectX</Filter>
    </ClInclude>
    <ClInclude Include="Hook.h">
      <Filter>Header Files\Hooking</Filter>
    </ClInclude>
    <ClInclude Include="Drawing.h">
      <Filter>Header Files\Drawing</Filter>
    </ClInclude>
    <ClInclude Include="imgui\imconfig.h">
      <Filter>Header Files\Menu</Filter>
    </ClInclude>
    <ClInclude Include="imgui\imgui.h">
      <Filter>Header Files\Menu</Filter>
    </ClInclude>
    <ClInclude Include="imgui\imgui_impl_dx9.h">
      <Filter>Header Files\Menu</Filter>
    </ClInclude>
    <ClInclude Include="imgui\imgui_impl_win32.h">
      <Filter>Header Files\Menu</Filter>
    </ClInclude>
    <ClInclude Include="imgui\imgui_internal.h">
      <Filter>Header Files\Menu</Filter>
    </ClInclude>
    <ClInclude Include="imgui\imstb_rectpack.h">
      <Filter>Header Files\Menu</Filter>
    </ClInclude>
    <ClInclude Include="imgui\imstb_textedit.h">
      <Filter>Header Files\Menu</Filter>
    </ClInclude>
    <ClInclude Include="imgui\imstb_truetype.h">
      <Filter>Header Files\Menu</Filter>
    </ClInclude>
    <ClInclude Include="Localplayer.h">
      <Filter>Header Files\Classes</Filter>
    </ClInclude>
    <ClInclude Include="Engine.h">
      <Filter>Header Files\Classes</Filter>
    </ClInclude>
    <ClInclude Include="Bhop.h">
      <Filter>Header Files\Modules</Filter>
    </ClInclude>
    <ClInclude Include="Settings.h">
      <Filter>Header Files\Classes</Filter>
    </ClInclude>
    <ClInclude Include="Triggerbot.h">
      <Filter>Header Files\Modules</Filter>
    </ClInclude>
    <ClInclude Include="Entitiy.h">
      <Filter>Header Files\Classes</Filter>
    </ClInclude>
    <ClInclude Include="Watermark.h">
      <Filter>Header Files\Classes</Filter>
    </ClInclude>
    <ClInclude Include="Styles.h">
      <Filter>Header Files\Classes</Filter>
    </ClInclude>
    <ClInclude Include="FOV.h">
      <Filter>Header Files\Modules</Filter>
    </ClInclude>
    <ClInclude Include="ThirdPerson.h">
      <Filter>Header Files\Modules</Filter>
    </ClInclude>
    <ClInclude Include="Vector.h">
      <Filter>Header Files\Structs</Filter>
    </ClInclude>
    <ClInclude Include="WorldToScreen.h">
      <Filter>Header Files\Structs</Filter>
    </ClInclude>
    <ClInclude Include="PlayerModels.h">
      <Filter>Header Files</Filter>
    </ClInclude>
    <ClInclude Include="GlowThread.h">
      <Filter>Header Files\Modules</Filter>
    </ClInclude>
  </ItemGroup>
</Project>